// !$*UTF8*$!
{
	archiveVersion = 1;
	classes = {
	};
	objectVersion = 56;
	objects = {

/* Begin PBXBuildFile section */
		EE118DA12C6D9DE0007428DA /* AppDelegate.swift in Sources */ = {isa = PBXBuildFile; fileRef = EE118DA02C6D9DE0007428DA /* AppDelegate.swift */; };
		EE118DA32C6D9DE0007428DA /* SceneDelegate.swift in Sources */ = {isa = PBXBuildFile; fileRef = EE118DA22C6D9DE0007428DA /* SceneDelegate.swift */; };
		EE118DAB2C6D9DE0007428DA /* TMDBApp.xcdatamodeld in Sources */ = {isa = PBXBuildFile; fileRef = EE118DA92C6D9DE0007428DA /* TMDBApp.xcdatamodeld */; };
		EE118DAD2C6D9DE2007428DA /* Assets.xcassets in Resources */ = {isa = PBXBuildFile; fileRef = EE118DAC2C6D9DE2007428DA /* Assets.xcassets */; };
		EE118DB02C6D9DE2007428DA /* LaunchScreen.storyboard in Resources */ = {isa = PBXBuildFile; fileRef = EE118DAE2C6D9DE2007428DA /* LaunchScreen.storyboard */; };
		EE118DBB2C6D9DE2007428DA /* TMDBAppTests.swift in Sources */ = {isa = PBXBuildFile; fileRef = EE118DBA2C6D9DE2007428DA /* TMDBAppTests.swift */; };
		EE118DC52C6D9DE2007428DA /* TMDBAppUITests.swift in Sources */ = {isa = PBXBuildFile; fileRef = EE118DC42C6D9DE2007428DA /* TMDBAppUITests.swift */; };
		EE118DC72C6D9DE2007428DA /* TMDBAppUITestsLaunchTests.swift in Sources */ = {isa = PBXBuildFile; fileRef = EE118DC62C6D9DE2007428DA /* TMDBAppUITestsLaunchTests.swift */; };
		EE118DD52C6DB70E007428DA /* ApiConfigTests.swift in Sources */ = {isa = PBXBuildFile; fileRef = EE118DD42C6DB70E007428DA /* ApiConfigTests.swift */; };
		EE118DD92C6DC282007428DA /* ApiServices.swift in Sources */ = {isa = PBXBuildFile; fileRef = EE118DD82C6DC282007428DA /* ApiServices.swift */; };
		EE118DDC2C6DC854007428DA /* MoviesResponse.swift in Sources */ = {isa = PBXBuildFile; fileRef = EE118DDB2C6DC854007428DA /* MoviesResponse.swift */; };
		EE118DDE2C6DC884007428DA /* Movie.swift in Sources */ = {isa = PBXBuildFile; fileRef = EE118DDD2C6DC884007428DA /* Movie.swift */; };
		EE118DE12C6DCCF5007428DA /* NetworkManager.swift in Sources */ = {isa = PBXBuildFile; fileRef = EE118DE02C6DCCF5007428DA /* NetworkManager.swift */; };
		EE118DE42C6DE08E007428DA /* HomeView.swift in Sources */ = {isa = PBXBuildFile; fileRef = EE118DE32C6DE08E007428DA /* HomeView.swift */; };
		EE207F632C6DEFB800C7777B /* ServiceTestCase.swift in Sources */ = {isa = PBXBuildFile; fileRef = EE207F622C6DEFB800C7777B /* ServiceTestCase.swift */; };
		EE207F662C6DF10300C7777B /* MoviesTestCase.swift in Sources */ = {isa = PBXBuildFile; fileRef = EE207F652C6DF10300C7777B /* MoviesTestCase.swift */; };
		EE207F682C6E77BF00C7777B /* movies.json in Resources */ = {isa = PBXBuildFile; fileRef = EE207F672C6E77BF00C7777B /* movies.json */; };
		EE207F692C6E7D1600C7777B /* movies.json in Resources */ = {isa = PBXBuildFile; fileRef = EE207F672C6E77BF00C7777B /* movies.json */; };
		EE207F6B2C6E7E5900C7777B /* DataLoader.swift in Sources */ = {isa = PBXBuildFile; fileRef = EE207F6A2C6E7E5900C7777B /* DataLoader.swift */; };
		EE207F732C6E83FD00C7777B /* MoviesPresenter.swift in Sources */ = {isa = PBXBuildFile; fileRef = EE207F6D2C6E83FD00C7777B /* MoviesPresenter.swift */; };
		EE207F742C6E83FD00C7777B /* MoviesWorker.swift in Sources */ = {isa = PBXBuildFile; fileRef = EE207F6E2C6E83FD00C7777B /* MoviesWorker.swift */; };
		EE207F752C6E83FD00C7777B /* MoviesRouter.swift in Sources */ = {isa = PBXBuildFile; fileRef = EE207F6F2C6E83FD00C7777B /* MoviesRouter.swift */; };
		EE207F762C6E83FD00C7777B /* MoviesModels.swift in Sources */ = {isa = PBXBuildFile; fileRef = EE207F702C6E83FD00C7777B /* MoviesModels.swift */; };
		EE207F772C6E83FD00C7777B /* MoviesViewController.swift in Sources */ = {isa = PBXBuildFile; fileRef = EE207F712C6E83FD00C7777B /* MoviesViewController.swift */; };
		EE207F782C6E83FD00C7777B /* MoviesInteractor.swift in Sources */ = {isa = PBXBuildFile; fileRef = EE207F722C6E83FD00C7777B /* MoviesInteractor.swift */; };
		EE207F7B2C6EB59200C7777B /* TestingAppDelegate.swift in Sources */ = {isa = PBXBuildFile; fileRef = EE207F7A2C6EB59200C7777B /* TestingAppDelegate.swift */; };
		EECDE9082C6F289300C1AF9F /* main.swift in Sources */ = {isa = PBXBuildFile; fileRef = EE207F7C2C6EBA9A00C7777B /* main.swift */; };
		EECDE90B2C6F2F7600C1AF9F /* TestingSceneDelegate.swift in Sources */ = {isa = PBXBuildFile; fileRef = EECDE90A2C6F2F7600C1AF9F /* TestingSceneDelegate.swift */; };
		EECDE90E2C6F63D100C1AF9F /* NetworkManagerTestCase.swift in Sources */ = {isa = PBXBuildFile; fileRef = EECDE90D2C6F63D100C1AF9F /* NetworkManagerTestCase.swift */; };
		EECDE9112C6F693F00C1AF9F /* MovieWorkerTestCase.swift in Sources */ = {isa = PBXBuildFile; fileRef = EECDE9102C6F693F00C1AF9F /* MovieWorkerTestCase.swift */; };
		EECDE9132C700AD700C1AF9F /* MoviesViewTestCase.swift in Sources */ = {isa = PBXBuildFile; fileRef = EECDE9122C700AD700C1AF9F /* MoviesViewTestCase.swift */; };
		EECDE9152C700B2B00C1AF9F /* MoviesViewController+extension.swift in Sources */ = {isa = PBXBuildFile; fileRef = EECDE9142C700B2B00C1AF9F /* MoviesViewController+extension.swift */; };
/* End PBXBuildFile section */

/* Begin PBXContainerItemProxy section */
		EE118DB72C6D9DE2007428DA /* PBXContainerItemProxy */ = {
			isa = PBXContainerItemProxy;
			containerPortal = EE118D952C6D9DE0007428DA /* Project object */;
			proxyType = 1;
			remoteGlobalIDString = EE118D9C2C6D9DE0007428DA;
			remoteInfo = TMDBApp;
		};
		EE118DC12C6D9DE2007428DA /* PBXContainerItemProxy */ = {
			isa = PBXContainerItemProxy;
			containerPortal = EE118D952C6D9DE0007428DA /* Project object */;
			proxyType = 1;
			remoteGlobalIDString = EE118D9C2C6D9DE0007428DA;
			remoteInfo = TMDBApp;
		};
/* End PBXContainerItemProxy section */

/* Begin PBXFileReference section */
		EE118D9D2C6D9DE0007428DA /* TMDBApp.app */ = {isa = PBXFileReference; explicitFileType = wrapper.application; includeInIndex = 0; path = TMDBApp.app; sourceTree = BUILT_PRODUCTS_DIR; };
		EE118DA02C6D9DE0007428DA /* AppDelegate.swift */ = {isa = PBXFileReference; lastKnownFileType = sourcecode.swift; path = AppDelegate.swift; sourceTree = "<group>"; };
		EE118DA22C6D9DE0007428DA /* SceneDelegate.swift */ = {isa = PBXFileReference; lastKnownFileType = sourcecode.swift; path = SceneDelegate.swift; sourceTree = "<group>"; };
		EE118DAA2C6D9DE0007428DA /* TMDBApp.xcdatamodel */ = {isa = PBXFileReference; lastKnownFileType = wrapper.xcdatamodel; path = TMDBApp.xcdatamodel; sourceTree = "<group>"; };
		EE118DAC2C6D9DE2007428DA /* Assets.xcassets */ = {isa = PBXFileReference; lastKnownFileType = folder.assetcatalog; path = Assets.xcassets; sourceTree = "<group>"; };
		EE118DAF2C6D9DE2007428DA /* Base */ = {isa = PBXFileReference; lastKnownFileType = file.storyboard; name = Base; path = Base.lproj/LaunchScreen.storyboard; sourceTree = "<group>"; };
		EE118DB12C6D9DE2007428DA /* Info.plist */ = {isa = PBXFileReference; lastKnownFileType = text.plist.xml; path = Info.plist; sourceTree = "<group>"; };
		EE118DB62C6D9DE2007428DA /* TMDBAppTests.xctest */ = {isa = PBXFileReference; explicitFileType = wrapper.cfbundle; includeInIndex = 0; path = TMDBAppTests.xctest; sourceTree = BUILT_PRODUCTS_DIR; };
		EE118DBA2C6D9DE2007428DA /* TMDBAppTests.swift */ = {isa = PBXFileReference; lastKnownFileType = sourcecode.swift; path = TMDBAppTests.swift; sourceTree = "<group>"; };
		EE118DC02C6D9DE2007428DA /* TMDBAppUITests.xctest */ = {isa = PBXFileReference; explicitFileType = wrapper.cfbundle; includeInIndex = 0; path = TMDBAppUITests.xctest; sourceTree = BUILT_PRODUCTS_DIR; };
		EE118DC42C6D9DE2007428DA /* TMDBAppUITests.swift */ = {isa = PBXFileReference; lastKnownFileType = sourcecode.swift; path = TMDBAppUITests.swift; sourceTree = "<group>"; };
		EE118DC62C6D9DE2007428DA /* TMDBAppUITestsLaunchTests.swift */ = {isa = PBXFileReference; lastKnownFileType = sourcecode.swift; path = TMDBAppUITestsLaunchTests.swift; sourceTree = "<group>"; };
		EE118DD32C6DA9CF007428DA /* secure.xcconfig */ = {isa = PBXFileReference; lastKnownFileType = text.xcconfig; path = secure.xcconfig; sourceTree = "<group>"; };
		EE118DD42C6DB70E007428DA /* ApiConfigTests.swift */ = {isa = PBXFileReference; lastKnownFileType = sourcecode.swift; path = ApiConfigTests.swift; sourceTree = "<group>"; };
		EE118DD82C6DC282007428DA /* ApiServices.swift */ = {isa = PBXFileReference; lastKnownFileType = sourcecode.swift; path = ApiServices.swift; sourceTree = "<group>"; };
		EE118DDB2C6DC854007428DA /* MoviesResponse.swift */ = {isa = PBXFileReference; lastKnownFileType = sourcecode.swift; path = MoviesResponse.swift; sourceTree = "<group>"; };
		EE118DDD2C6DC884007428DA /* Movie.swift */ = {isa = PBXFileReference; lastKnownFileType = sourcecode.swift; path = Movie.swift; sourceTree = "<group>"; };
		EE118DE02C6DCCF5007428DA /* NetworkManager.swift */ = {isa = PBXFileReference; lastKnownFileType = sourcecode.swift; path = NetworkManager.swift; sourceTree = "<group>"; };
		EE118DE32C6DE08E007428DA /* HomeView.swift */ = {isa = PBXFileReference; lastKnownFileType = sourcecode.swift; path = HomeView.swift; sourceTree = "<group>"; };
		EE207F622C6DEFB800C7777B /* ServiceTestCase.swift */ = {isa = PBXFileReference; lastKnownFileType = sourcecode.swift; path = ServiceTestCase.swift; sourceTree = "<group>"; };
		EE207F652C6DF10300C7777B /* MoviesTestCase.swift */ = {isa = PBXFileReference; lastKnownFileType = sourcecode.swift; path = MoviesTestCase.swift; sourceTree = "<group>"; };
		EE207F672C6E77BF00C7777B /* movies.json */ = {isa = PBXFileReference; lastKnownFileType = text.json; path = movies.json; sourceTree = "<group>"; };
		EE207F6A2C6E7E5900C7777B /* DataLoader.swift */ = {isa = PBXFileReference; lastKnownFileType = sourcecode.swift; path = DataLoader.swift; sourceTree = "<group>"; };
		EE207F6D2C6E83FD00C7777B /* MoviesPresenter.swift */ = {isa = PBXFileReference; lastKnownFileType = sourcecode.swift; path = MoviesPresenter.swift; sourceTree = "<group>"; };
		EE207F6E2C6E83FD00C7777B /* MoviesWorker.swift */ = {isa = PBXFileReference; lastKnownFileType = sourcecode.swift; path = MoviesWorker.swift; sourceTree = "<group>"; };
		EE207F6F2C6E83FD00C7777B /* MoviesRouter.swift */ = {isa = PBXFileReference; lastKnownFileType = sourcecode.swift; path = MoviesRouter.swift; sourceTree = "<group>"; };
		EE207F702C6E83FD00C7777B /* MoviesModels.swift */ = {isa = PBXFileReference; lastKnownFileType = sourcecode.swift; path = MoviesModels.swift; sourceTree = "<group>"; };
		EE207F712C6E83FD00C7777B /* MoviesViewController.swift */ = {isa = PBXFileReference; lastKnownFileType = sourcecode.swift; path = MoviesViewController.swift; sourceTree = "<group>"; };
		EE207F722C6E83FD00C7777B /* MoviesInteractor.swift */ = {isa = PBXFileReference; lastKnownFileType = sourcecode.swift; path = MoviesInteractor.swift; sourceTree = "<group>"; };
		EE207F7A2C6EB59200C7777B /* TestingAppDelegate.swift */ = {isa = PBXFileReference; lastKnownFileType = sourcecode.swift; path = TestingAppDelegate.swift; sourceTree = "<group>"; };
		EE207F7C2C6EBA9A00C7777B /* main.swift */ = {isa = PBXFileReference; lastKnownFileType = sourcecode.swift; path = main.swift; sourceTree = "<group>"; };
		EECDE90A2C6F2F7600C1AF9F /* TestingSceneDelegate.swift */ = {isa = PBXFileReference; lastKnownFileType = sourcecode.swift; path = TestingSceneDelegate.swift; sourceTree = "<group>"; };
		EECDE90D2C6F63D100C1AF9F /* NetworkManagerTestCase.swift */ = {isa = PBXFileReference; lastKnownFileType = sourcecode.swift; path = NetworkManagerTestCase.swift; sourceTree = "<group>"; };
		EECDE9102C6F693F00C1AF9F /* MovieWorkerTestCase.swift */ = {isa = PBXFileReference; lastKnownFileType = sourcecode.swift; path = MovieWorkerTestCase.swift; sourceTree = "<group>"; };
		EECDE9122C700AD700C1AF9F /* MoviesViewTestCase.swift */ = {isa = PBXFileReference; lastKnownFileType = sourcecode.swift; path = MoviesViewTestCase.swift; sourceTree = "<group>"; };
		EECDE9142C700B2B00C1AF9F /* MoviesViewController+extension.swift */ = {isa = PBXFileReference; lastKnownFileType = sourcecode.swift; path = "MoviesViewController+extension.swift"; sourceTree = "<group>"; };
/* End PBXFileReference section */

/* Begin PBXFrameworksBuildPhase section */
		EE118D9A2C6D9DE0007428DA /* Frameworks */ = {
			isa = PBXFrameworksBuildPhase;
			buildActionMask = 2147483647;
			files = (
			);
			runOnlyForDeploymentPostprocessing = 0;
		};
		EE118DB32C6D9DE2007428DA /* Frameworks */ = {
			isa = PBXFrameworksBuildPhase;
			buildActionMask = 2147483647;
			files = (
			);
			runOnlyForDeploymentPostprocessing = 0;
		};
		EE118DBD2C6D9DE2007428DA /* Frameworks */ = {
			isa = PBXFrameworksBuildPhase;
			buildActionMask = 2147483647;
			files = (
			);
			runOnlyForDeploymentPostprocessing = 0;
		};
/* End PBXFrameworksBuildPhase section */

/* Begin PBXGroup section */
		EE118D942C6D9DE0007428DA = {
			isa = PBXGroup;
			children = (
				EE118D9F2C6D9DE0007428DA /* TMDBApp */,
				EE118DB92C6D9DE2007428DA /* TMDBAppTests */,
				EE118DC32C6D9DE2007428DA /* TMDBAppUITests */,
				EE118D9E2C6D9DE0007428DA /* Products */,
			);
			sourceTree = "<group>";
		};
		EE118D9E2C6D9DE0007428DA /* Products */ = {
			isa = PBXGroup;
			children = (
				EE118D9D2C6D9DE0007428DA /* TMDBApp.app */,
				EE118DB62C6D9DE2007428DA /* TMDBAppTests.xctest */,
				EE118DC02C6D9DE2007428DA /* TMDBAppUITests.xctest */,
			);
			name = Products;
			sourceTree = "<group>";
		};
		EE118D9F2C6D9DE0007428DA /* TMDBApp */ = {
			isa = PBXGroup;
			children = (
				EECDE9092C6F289900C1AF9F /* Launch */,
				EE118DE22C6DE062007428DA /* Features */,
				EE118DDF2C6DCCE3007428DA /* Helpers */,
				EE118DDA2C6DC83E007428DA /* Models */,
				EE118DD72C6DC25A007428DA /* Services */,
				EE118DAC2C6D9DE2007428DA /* Assets.xcassets */,
				EE118DAE2C6D9DE2007428DA /* LaunchScreen.storyboard */,
				EE118DB12C6D9DE2007428DA /* Info.plist */,
				EE118DA92C6D9DE0007428DA /* TMDBApp.xcdatamodeld */,
				EE118DD32C6DA9CF007428DA /* secure.xcconfig */,
				EE118DE32C6DE08E007428DA /* HomeView.swift */,
			);
			path = TMDBApp;
			sourceTree = "<group>";
		};
		EE118DB92C6D9DE2007428DA /* TMDBAppTests */ = {
			isa = PBXGroup;
			children = (
				EECDE90C2C6F63AD00C1AF9F /* NetworkManager */,
				EE207F792C6EB56200C7777B /* AppDelegate */,
				EE207F642C6DF0E900C7777B /* Movies */,
				EE207F612C6DEF8F00C7777B /* Services */,
				EE118DBA2C6D9DE2007428DA /* TMDBAppTests.swift */,
				EE118DD42C6DB70E007428DA /* ApiConfigTests.swift */,
			);
			path = TMDBAppTests;
			sourceTree = "<group>";
		};
		EE118DC32C6D9DE2007428DA /* TMDBAppUITests */ = {
			isa = PBXGroup;
			children = (
				EE118DC42C6D9DE2007428DA /* TMDBAppUITests.swift */,
				EE118DC62C6D9DE2007428DA /* TMDBAppUITestsLaunchTests.swift */,
			);
			path = TMDBAppUITests;
			sourceTree = "<group>";
		};
		EE118DD72C6DC25A007428DA /* Services */ = {
			isa = PBXGroup;
			children = (
				EE118DD82C6DC282007428DA /* ApiServices.swift */,
				EE207F6A2C6E7E5900C7777B /* DataLoader.swift */,
			);
			path = Services;
			sourceTree = "<group>";
		};
		EE118DDA2C6DC83E007428DA /* Models */ = {
			isa = PBXGroup;
			children = (
				EE118DDB2C6DC854007428DA /* MoviesResponse.swift */,
				EE118DDD2C6DC884007428DA /* Movie.swift */,
			);
			path = Models;
			sourceTree = "<group>";
		};
		EE118DDF2C6DCCE3007428DA /* Helpers */ = {
			isa = PBXGroup;
			children = (
				EE118DE02C6DCCF5007428DA /* NetworkManager.swift */,
			);
			path = Helpers;
			sourceTree = "<group>";
		};
		EE118DE22C6DE062007428DA /* Features */ = {
			isa = PBXGroup;
			children = (
				EE207F6C2C6E7EC800C7777B /* Movies */,
			);
			path = Features;
			sourceTree = "<group>";
		};
		EE207F612C6DEF8F00C7777B /* Services */ = {
			isa = PBXGroup;
			children = (
				EE207F622C6DEFB800C7777B /* ServiceTestCase.swift */,
			);
			path = Services;
			sourceTree = "<group>";
		};
		EE207F642C6DF0E900C7777B /* Movies */ = {
			isa = PBXGroup;
			children = (
				EECDE90F2C6F692200C1AF9F /* Worker */,
				EE207F652C6DF10300C7777B /* MoviesTestCase.swift */,
				EE207F672C6E77BF00C7777B /* movies.json */,
				EECDE9122C700AD700C1AF9F /* MoviesViewTestCase.swift */,
			);
			path = Movies;
			sourceTree = "<group>";
		};
		EE207F6C2C6E7EC800C7777B /* Movies */ = {
			isa = PBXGroup;
			children = (
				EE207F6D2C6E83FD00C7777B /* MoviesPresenter.swift */,
				EE207F6E2C6E83FD00C7777B /* MoviesWorker.swift */,
				EE207F6F2C6E83FD00C7777B /* MoviesRouter.swift */,
				EE207F702C6E83FD00C7777B /* MoviesModels.swift */,
				EE207F712C6E83FD00C7777B /* MoviesViewController.swift */,
				EE207F722C6E83FD00C7777B /* MoviesInteractor.swift */,
				EECDE9142C700B2B00C1AF9F /* MoviesViewController+extension.swift */,
			);
			path = Movies;
			sourceTree = "<group>";
		};
		EE207F792C6EB56200C7777B /* AppDelegate */ = {
			isa = PBXGroup;
			children = (
				EE207F7A2C6EB59200C7777B /* TestingAppDelegate.swift */,
				EECDE90A2C6F2F7600C1AF9F /* TestingSceneDelegate.swift */,
			);
			path = AppDelegate;
			sourceTree = "<group>";
		};
		EECDE9092C6F289900C1AF9F /* Launch */ = {
			isa = PBXGroup;
			children = (
				EE118DA22C6D9DE0007428DA /* SceneDelegate.swift */,
				EE118DA02C6D9DE0007428DA /* AppDelegate.swift */,
				EE207F7C2C6EBA9A00C7777B /* main.swift */,
			);
			path = Launch;
			sourceTree = "<group>";
		};
		EECDE90C2C6F63AD00C1AF9F /* NetworkManager */ = {
			isa = PBXGroup;
			children = (
				EECDE90D2C6F63D100C1AF9F /* NetworkManagerTestCase.swift */,
			);
			path = NetworkManager;
			sourceTree = "<group>";
		};
		EECDE90F2C6F692200C1AF9F /* Worker */ = {
			isa = PBXGroup;
			children = (
				EECDE9102C6F693F00C1AF9F /* MovieWorkerTestCase.swift */,
			);
			path = Worker;
			sourceTree = "<group>";
		};
/* End PBXGroup section */

/* Begin PBXNativeTarget section */
		EE118D9C2C6D9DE0007428DA /* TMDBApp */ = {
			isa = PBXNativeTarget;
			buildConfigurationList = EE118DCA2C6D9DE2007428DA /* Build configuration list for PBXNativeTarget "TMDBApp" */;
			buildPhases = (
				EE118D992C6D9DE0007428DA /* Sources */,
				EE118D9A2C6D9DE0007428DA /* Frameworks */,
				EE118D9B2C6D9DE0007428DA /* Resources */,
			);
			buildRules = (
			);
			dependencies = (
			);
			name = TMDBApp;
			productName = TMDBApp;
			productReference = EE118D9D2C6D9DE0007428DA /* TMDBApp.app */;
			productType = "com.apple.product-type.application";
		};
		EE118DB52C6D9DE2007428DA /* TMDBAppTests */ = {
			isa = PBXNativeTarget;
			buildConfigurationList = EE118DCD2C6D9DE2007428DA /* Build configuration list for PBXNativeTarget "TMDBAppTests" */;
			buildPhases = (
				EE118DB22C6D9DE2007428DA /* Sources */,
				EE118DB32C6D9DE2007428DA /* Frameworks */,
				EE118DB42C6D9DE2007428DA /* Resources */,
			);
			buildRules = (
			);
			dependencies = (
				EE118DB82C6D9DE2007428DA /* PBXTargetDependency */,
			);
			name = TMDBAppTests;
			productName = TMDBAppTests;
			productReference = EE118DB62C6D9DE2007428DA /* TMDBAppTests.xctest */;
			productType = "com.apple.product-type.bundle.unit-test";
		};
		EE118DBF2C6D9DE2007428DA /* TMDBAppUITests */ = {
			isa = PBXNativeTarget;
			buildConfigurationList = EE118DD02C6D9DE2007428DA /* Build configuration list for PBXNativeTarget "TMDBAppUITests" */;
			buildPhases = (
				EE118DBC2C6D9DE2007428DA /* Sources */,
				EE118DBD2C6D9DE2007428DA /* Frameworks */,
				EE118DBE2C6D9DE2007428DA /* Resources */,
			);
			buildRules = (
			);
			dependencies = (
				EE118DC22C6D9DE2007428DA /* PBXTargetDependency */,
			);
			name = TMDBAppUITests;
			productName = TMDBAppUITests;
			productReference = EE118DC02C6D9DE2007428DA /* TMDBAppUITests.xctest */;
			productType = "com.apple.product-type.bundle.ui-testing";
		};
/* End PBXNativeTarget section */

/* Begin PBXProject section */
		EE118D952C6D9DE0007428DA /* Project object */ = {
			isa = PBXProject;
			attributes = {
				BuildIndependentTargetsInParallel = 1;
				LastSwiftUpdateCheck = 1430;
				LastUpgradeCheck = 1500;
				TargetAttributes = {
					EE118D9C2C6D9DE0007428DA = {
						CreatedOnToolsVersion = 14.3.1;
					};
					EE118DB52C6D9DE2007428DA = {
						CreatedOnToolsVersion = 14.3.1;
						TestTargetID = EE118D9C2C6D9DE0007428DA;
					};
					EE118DBF2C6D9DE2007428DA = {
						CreatedOnToolsVersion = 14.3.1;
						TestTargetID = EE118D9C2C6D9DE0007428DA;
					};
				};
			};
			buildConfigurationList = EE118D982C6D9DE0007428DA /* Build configuration list for PBXProject "TMDBApp" */;
			compatibilityVersion = "Xcode 14.0";
			developmentRegion = en;
			hasScannedForEncodings = 0;
			knownRegions = (
				en,
				Base,
			);
			mainGroup = EE118D942C6D9DE0007428DA;
			productRefGroup = EE118D9E2C6D9DE0007428DA /* Products */;
			projectDirPath = "";
			projectRoot = "";
			targets = (
				EE118D9C2C6D9DE0007428DA /* TMDBApp */,
				EE118DB52C6D9DE2007428DA /* TMDBAppTests */,
				EE118DBF2C6D9DE2007428DA /* TMDBAppUITests */,
			);
		};
/* End PBXProject section */

/* Begin PBXResourcesBuildPhase section */
		EE118D9B2C6D9DE0007428DA /* Resources */ = {
			isa = PBXResourcesBuildPhase;
			buildActionMask = 2147483647;
			files = (
				EE207F692C6E7D1600C7777B /* movies.json in Resources */,
				EE118DB02C6D9DE2007428DA /* LaunchScreen.storyboard in Resources */,
				EE118DAD2C6D9DE2007428DA /* Assets.xcassets in Resources */,
			);
			runOnlyForDeploymentPostprocessing = 0;
		};
		EE118DB42C6D9DE2007428DA /* Resources */ = {
			isa = PBXResourcesBuildPhase;
			buildActionMask = 2147483647;
			files = (
				EE207F682C6E77BF00C7777B /* movies.json in Resources */,
			);
			runOnlyForDeploymentPostprocessing = 0;
		};
		EE118DBE2C6D9DE2007428DA /* Resources */ = {
			isa = PBXResourcesBuildPhase;
			buildActionMask = 2147483647;
			files = (
			);
			runOnlyForDeploymentPostprocessing = 0;
		};
/* End PBXResourcesBuildPhase section */

/* Begin PBXSourcesBuildPhase section */
		EE118D992C6D9DE0007428DA /* Sources */ = {
			isa = PBXSourcesBuildPhase;
			buildActionMask = 2147483647;
			files = (
				EE207F6B2C6E7E5900C7777B /* DataLoader.swift in Sources */,
				EE118DE42C6DE08E007428DA /* HomeView.swift in Sources */,
				EECDE9082C6F289300C1AF9F /* main.swift in Sources */,
				EE118DDE2C6DC884007428DA /* Movie.swift in Sources */,
				EE118DE12C6DCCF5007428DA /* NetworkManager.swift in Sources */,
				EE118DD92C6DC282007428DA /* ApiServices.swift in Sources */,
				EE207F752C6E83FD00C7777B /* MoviesRouter.swift in Sources */,
				EE207F742C6E83FD00C7777B /* MoviesWorker.swift in Sources */,
				EE118DAB2C6D9DE0007428DA /* TMDBApp.xcdatamodeld in Sources */,
				EE207F732C6E83FD00C7777B /* MoviesPresenter.swift in Sources */,
				EE207F762C6E83FD00C7777B /* MoviesModels.swift in Sources */,
				EE118DA12C6D9DE0007428DA /* AppDelegate.swift in Sources */,
				EE118DA32C6D9DE0007428DA /* SceneDelegate.swift in Sources */,
				EE207F772C6E83FD00C7777B /* MoviesViewController.swift in Sources */,
				EECDE9152C700B2B00C1AF9F /* MoviesViewController+extension.swift in Sources */,
				EE207F782C6E83FD00C7777B /* MoviesInteractor.swift in Sources */,
				EE118DDC2C6DC854007428DA /* MoviesResponse.swift in Sources */,
			);
			runOnlyForDeploymentPostprocessing = 0;
		};
		EE118DB22C6D9DE2007428DA /* Sources */ = {
			isa = PBXSourcesBuildPhase;
			buildActionMask = 2147483647;
			files = (
				EECDE90B2C6F2F7600C1AF9F /* TestingSceneDelegate.swift in Sources */,
				EE207F7B2C6EB59200C7777B /* TestingAppDelegate.swift in Sources */,
				EECDE9112C6F693F00C1AF9F /* MovieWorkerTestCase.swift in Sources */,
				EE207F632C6DEFB800C7777B /* ServiceTestCase.swift in Sources */,
				EE118DD52C6DB70E007428DA /* ApiConfigTests.swift in Sources */,
				EE207F662C6DF10300C7777B /* MoviesTestCase.swift in Sources */,
				EECDE9132C700AD700C1AF9F /* MoviesViewTestCase.swift in Sources */,
				EE118DBB2C6D9DE2007428DA /* TMDBAppTests.swift in Sources */,
				EECDE90E2C6F63D100C1AF9F /* NetworkManagerTestCase.swift in Sources */,
			);
			runOnlyForDeploymentPostprocessing = 0;
		};
		EE118DBC2C6D9DE2007428DA /* Sources */ = {
			isa = PBXSourcesBuildPhase;
			buildActionMask = 2147483647;
			files = (
				EE118DC52C6D9DE2007428DA /* TMDBAppUITests.swift in Sources */,
				EE118DC72C6D9DE2007428DA /* TMDBAppUITestsLaunchTests.swift in Sources */,
			);
			runOnlyForDeploymentPostprocessing = 0;
		};
/* End PBXSourcesBuildPhase section */

/* Begin PBXTargetDependency section */
		EE118DB82C6D9DE2007428DA /* PBXTargetDependency */ = {
			isa = PBXTargetDependency;
			target = EE118D9C2C6D9DE0007428DA /* TMDBApp */;
			targetProxy = EE118DB72C6D9DE2007428DA /* PBXContainerItemProxy */;
		};
		EE118DC22C6D9DE2007428DA /* PBXTargetDependency */ = {
			isa = PBXTargetDependency;
			target = EE118D9C2C6D9DE0007428DA /* TMDBApp */;
			targetProxy = EE118DC12C6D9DE2007428DA /* PBXContainerItemProxy */;
		};
/* End PBXTargetDependency section */

/* Begin PBXVariantGroup section */
		EE118DAE2C6D9DE2007428DA /* LaunchScreen.storyboard */ = {
			isa = PBXVariantGroup;
			children = (
				EE118DAF2C6D9DE2007428DA /* Base */,
			);
			name = LaunchScreen.storyboard;
			sourceTree = "<group>";
		};
/* End PBXVariantGroup section */

/* Begin XCBuildConfiguration section */
		EE118DC82C6D9DE2007428DA /* Debug */ = {
			isa = XCBuildConfiguration;
			baseConfigurationReference = EE118DD32C6DA9CF007428DA /* secure.xcconfig */;
			buildSettings = {
				ALWAYS_SEARCH_USER_PATHS = NO;
				CLANG_ANALYZER_NONNULL = YES;
				CLANG_ANALYZER_NUMBER_OBJECT_CONVERSION = YES_AGGRESSIVE;
				CLANG_CXX_LANGUAGE_STANDARD = "gnu++20";
				CLANG_ENABLE_MODULES = YES;
				CLANG_ENABLE_OBJC_ARC = YES;
				CLANG_ENABLE_OBJC_WEAK = YES;
				CLANG_WARN_BLOCK_CAPTURE_AUTORELEASING = YES;
				CLANG_WARN_BOOL_CONVERSION = YES;
				CLANG_WARN_COMMA = YES;
				CLANG_WARN_CONSTANT_CONVERSION = YES;
				CLANG_WARN_DEPRECATED_OBJC_IMPLEMENTATIONS = YES;
				CLANG_WARN_DIRECT_OBJC_ISA_USAGE = YES_ERROR;
				CLANG_WARN_DOCUMENTATION_COMMENTS = YES;
				CLANG_WARN_EMPTY_BODY = YES;
				CLANG_WARN_ENUM_CONVERSION = YES;
				CLANG_WARN_INFINITE_RECURSION = YES;
				CLANG_WARN_INT_CONVERSION = YES;
				CLANG_WARN_NON_LITERAL_NULL_CONVERSION = YES;
				CLANG_WARN_OBJC_IMPLICIT_RETAIN_SELF = YES;
				CLANG_WARN_OBJC_LITERAL_CONVERSION = YES;
				CLANG_WARN_OBJC_ROOT_CLASS = YES_ERROR;
				CLANG_WARN_QUOTED_INCLUDE_IN_FRAMEWORK_HEADER = YES;
				CLANG_WARN_RANGE_LOOP_ANALYSIS = YES;
				CLANG_WARN_STRICT_PROTOTYPES = YES;
				CLANG_WARN_SUSPICIOUS_MOVE = YES;
				CLANG_WARN_UNGUARDED_AVAILABILITY = YES_AGGRESSIVE;
				CLANG_WARN_UNREACHABLE_CODE = YES;
				CLANG_WARN__DUPLICATE_METHOD_MATCH = YES;
				COPY_PHASE_STRIP = NO;
				DEBUG_INFORMATION_FORMAT = dwarf;
				ENABLE_STRICT_OBJC_MSGSEND = YES;
				ENABLE_TESTABILITY = YES;
				ENABLE_USER_SCRIPT_SANDBOXING = YES;
				GCC_C_LANGUAGE_STANDARD = gnu11;
				GCC_DYNAMIC_NO_PIC = NO;
				GCC_NO_COMMON_BLOCKS = YES;
				GCC_OPTIMIZATION_LEVEL = 0;
				GCC_PREPROCESSOR_DEFINITIONS = (
					"DEBUG=1",
					"$(inherited)",
				);
				GCC_WARN_64_TO_32_BIT_CONVERSION = YES;
				GCC_WARN_ABOUT_RETURN_TYPE = YES_ERROR;
				GCC_WARN_UNDECLARED_SELECTOR = YES;
				GCC_WARN_UNINITIALIZED_AUTOS = YES_AGGRESSIVE;
				GCC_WARN_UNUSED_FUNCTION = YES;
				GCC_WARN_UNUSED_VARIABLE = YES;
				IPHONEOS_DEPLOYMENT_TARGET = 16.4;
				MTL_ENABLE_DEBUG_INFO = INCLUDE_SOURCE;
				MTL_FAST_MATH = YES;
				ONLY_ACTIVE_ARCH = YES;
				SDKROOT = iphoneos;
				SWIFT_ACTIVE_COMPILATION_CONDITIONS = DEBUG;
				SWIFT_OPTIMIZATION_LEVEL = "-Onone";
			};
			name = Debug;
		};
		EE118DC92C6D9DE2007428DA /* Release */ = {
			isa = XCBuildConfiguration;
			baseConfigurationReference = EE118DD32C6DA9CF007428DA /* secure.xcconfig */;
			buildSettings = {
				ALWAYS_SEARCH_USER_PATHS = NO;
				CLANG_ANALYZER_NONNULL = YES;
				CLANG_ANALYZER_NUMBER_OBJECT_CONVERSION = YES_AGGRESSIVE;
				CLANG_CXX_LANGUAGE_STANDARD = "gnu++20";
				CLANG_ENABLE_MODULES = YES;
				CLANG_ENABLE_OBJC_ARC = YES;
				CLANG_ENABLE_OBJC_WEAK = YES;
				CLANG_WARN_BLOCK_CAPTURE_AUTORELEASING = YES;
				CLANG_WARN_BOOL_CONVERSION = YES;
				CLANG_WARN_COMMA = YES;
				CLANG_WARN_CONSTANT_CONVERSION = YES;
				CLANG_WARN_DEPRECATED_OBJC_IMPLEMENTATIONS = YES;
				CLANG_WARN_DIRECT_OBJC_ISA_USAGE = YES_ERROR;
				CLANG_WARN_DOCUMENTATION_COMMENTS = YES;
				CLANG_WARN_EMPTY_BODY = YES;
				CLANG_WARN_ENUM_CONVERSION = YES;
				CLANG_WARN_INFINITE_RECURSION = YES;
				CLANG_WARN_INT_CONVERSION = YES;
				CLANG_WARN_NON_LITERAL_NULL_CONVERSION = YES;
				CLANG_WARN_OBJC_IMPLICIT_RETAIN_SELF = YES;
				CLANG_WARN_OBJC_LITERAL_CONVERSION = YES;
				CLANG_WARN_OBJC_ROOT_CLASS = YES_ERROR;
				CLANG_WARN_QUOTED_INCLUDE_IN_FRAMEWORK_HEADER = YES;
				CLANG_WARN_RANGE_LOOP_ANALYSIS = YES;
				CLANG_WARN_STRICT_PROTOTYPES = YES;
				CLANG_WARN_SUSPICIOUS_MOVE = YES;
				CLANG_WARN_UNGUARDED_AVAILABILITY = YES_AGGRESSIVE;
				CLANG_WARN_UNREACHABLE_CODE = YES;
				CLANG_WARN__DUPLICATE_METHOD_MATCH = YES;
				COPY_PHASE_STRIP = NO;
				DEBUG_INFORMATION_FORMAT = "dwarf-with-dsym";
				ENABLE_NS_ASSERTIONS = NO;
				ENABLE_STRICT_OBJC_MSGSEND = YES;
				ENABLE_USER_SCRIPT_SANDBOXING = YES;
				GCC_C_LANGUAGE_STANDARD = gnu11;
				GCC_NO_COMMON_BLOCKS = YES;
				GCC_WARN_64_TO_32_BIT_CONVERSION = YES;
				GCC_WARN_ABOUT_RETURN_TYPE = YES_ERROR;
				GCC_WARN_UNDECLARED_SELECTOR = YES;
				GCC_WARN_UNINITIALIZED_AUTOS = YES_AGGRESSIVE;
				GCC_WARN_UNUSED_FUNCTION = YES;
				GCC_WARN_UNUSED_VARIABLE = YES;
				IPHONEOS_DEPLOYMENT_TARGET = 16.4;
				MTL_ENABLE_DEBUG_INFO = NO;
				MTL_FAST_MATH = YES;
				SDKROOT = iphoneos;
				SWIFT_COMPILATION_MODE = wholemodule;
				SWIFT_OPTIMIZATION_LEVEL = "-O";
				VALIDATE_PRODUCT = YES;
			};
			name = Release;
		};
		EE118DCB2C6D9DE2007428DA /* Debug */ = {
			isa = XCBuildConfiguration;
			buildSettings = {
				ASSETCATALOG_COMPILER_APPICON_NAME = AppIcon;
				ASSETCATALOG_COMPILER_GLOBAL_ACCENT_COLOR_NAME = AccentColor;
				CODE_SIGN_STYLE = Manual;
				CURRENT_PROJECT_VERSION = 1;
				DEVELOPMENT_TEAM = "";
				GENERATE_INFOPLIST_FILE = YES;
				INFOPLIST_FILE = TMDBApp/Info.plist;
				INFOPLIST_KEY_LSApplicationCategoryType = "";
				INFOPLIST_KEY_UIApplicationSupportsIndirectInputEvents = YES;
				INFOPLIST_KEY_UILaunchStoryboardName = LaunchScreen;
				INFOPLIST_KEY_UISupportedInterfaceOrientations_iPad = "UIInterfaceOrientationPortrait UIInterfaceOrientationPortraitUpsideDown UIInterfaceOrientationLandscapeLeft UIInterfaceOrientationLandscapeRight";
				INFOPLIST_KEY_UISupportedInterfaceOrientations_iPhone = "UIInterfaceOrientationPortrait UIInterfaceOrientationLandscapeLeft UIInterfaceOrientationLandscapeRight";
				LD_RUNPATH_SEARCH_PATHS = (
					"$(inherited)",
					"@executable_path/Frameworks",
				);
				MARKETING_VERSION = 1.0;
				PRODUCT_BUNDLE_IDENTIFIER = com.luisrodriguez.TMDBApp;
				PRODUCT_NAME = "$(TARGET_NAME)";
				PROVISIONING_PROFILE_SPECIFIER = "";
				SWIFT_EMIT_LOC_STRINGS = YES;
				SWIFT_VERSION = 5.0;
				TARGETED_DEVICE_FAMILY = "1,2";
			};
			name = Debug;
		};
		EE118DCC2C6D9DE2007428DA /* Release */ = {
			isa = XCBuildConfiguration;
			buildSettings = {
				ASSETCATALOG_COMPILER_APPICON_NAME = AppIcon;
				ASSETCATALOG_COMPILER_GLOBAL_ACCENT_COLOR_NAME = AccentColor;
				CODE_SIGN_STYLE = Manual;
				CURRENT_PROJECT_VERSION = 1;
				DEVELOPMENT_TEAM = "";
				GENERATE_INFOPLIST_FILE = YES;
				INFOPLIST_FILE = TMDBApp/Info.plist;
				INFOPLIST_KEY_LSApplicationCategoryType = "";
				INFOPLIST_KEY_UIApplicationSupportsIndirectInputEvents = YES;
				INFOPLIST_KEY_UILaunchStoryboardName = LaunchScreen;
				INFOPLIST_KEY_UISupportedInterfaceOrientations_iPad = "UIInterfaceOrientationPortrait UIInterfaceOrientationPortraitUpsideDown UIInterfaceOrientationLandscapeLeft UIInterfaceOrientationLandscapeRight";
				INFOPLIST_KEY_UISupportedInterfaceOrientations_iPhone = "UIInterfaceOrientationPortrait UIInterfaceOrientationLandscapeLeft UIInterfaceOrientationLandscapeRight";
				LD_RUNPATH_SEARCH_PATHS = (
					"$(inherited)",
					"@executable_path/Frameworks",
				);
				MARKETING_VERSION = 1.0;
				PRODUCT_BUNDLE_IDENTIFIER = com.luisrodriguez.TMDBApp;
				PRODUCT_NAME = "$(TARGET_NAME)";
				PROVISIONING_PROFILE_SPECIFIER = "";
				SWIFT_EMIT_LOC_STRINGS = YES;
				SWIFT_VERSION = 5.0;
				TARGETED_DEVICE_FAMILY = "1,2";
			};
			name = Release;
		};
		EE118DCE2C6D9DE2007428DA /* Debug */ = {
			isa = XCBuildConfiguration;
			buildSettings = {
				ALWAYS_EMBED_SWIFT_STANDARD_LIBRARIES = YES;
				BUNDLE_LOADER = "$(TEST_HOST)";
				CODE_SIGN_STYLE = Automatic;
				CURRENT_PROJECT_VERSION = 1;
				DEVELOPMENT_TEAM = 4Q3FSFZU5U;
				GENERATE_INFOPLIST_FILE = YES;
				IPHONEOS_DEPLOYMENT_TARGET = 16.4;
				MARKETING_VERSION = 1.0;
				PRODUCT_BUNDLE_IDENTIFIER = com.luisrodriguez.TMDBAppTests;
				PRODUCT_NAME = "$(TARGET_NAME)";
				SWIFT_EMIT_LOC_STRINGS = NO;
				SWIFT_VERSION = 5.0;
				TARGETED_DEVICE_FAMILY = "1,2";
				TEST_HOST = "$(BUILT_PRODUCTS_DIR)/TMDBApp.app/$(BUNDLE_EXECUTABLE_FOLDER_PATH)/TMDBApp";
			};
			name = Debug;
		};
		EE118DCF2C6D9DE2007428DA /* Release */ = {
			isa = XCBuildConfiguration;
			buildSettings = {
				ALWAYS_EMBED_SWIFT_STANDARD_LIBRARIES = YES;
				BUNDLE_LOADER = "$(TEST_HOST)";
				CODE_SIGN_STYLE = Automatic;
				CURRENT_PROJECT_VERSION = 1;
				DEVELOPMENT_TEAM = 4Q3FSFZU5U;
				GENERATE_INFOPLIST_FILE = YES;
				IPHONEOS_DEPLOYMENT_TARGET = 16.4;
				MARKETING_VERSION = 1.0;
				PRODUCT_BUNDLE_IDENTIFIER = com.luisrodriguez.TMDBAppTests;
				PRODUCT_NAME = "$(TARGET_NAME)";
				SWIFT_EMIT_LOC_STRINGS = NO;
				SWIFT_VERSION = 5.0;
				TARGETED_DEVICE_FAMILY = "1,2";
				TEST_HOST = "$(BUILT_PRODUCTS_DIR)/TMDBApp.app/$(BUNDLE_EXECUTABLE_FOLDER_PATH)/TMDBApp";
			};
			name = Release;
		};
		EE118DD12C6D9DE2007428DA /* Debug */ = {
			isa = XCBuildConfiguration;
			buildSettings = {
				ALWAYS_EMBED_SWIFT_STANDARD_LIBRARIES = YES;
				CODE_SIGN_STYLE = Automatic;
				CURRENT_PROJECT_VERSION = 1;
				DEVELOPMENT_TEAM = 4Q3FSFZU5U;
				GENERATE_INFOPLIST_FILE = YES;
				MARKETING_VERSION = 1.0;
				PRODUCT_BUNDLE_IDENTIFIER = com.luisrodriguez.TMDBAppUITests;
				PRODUCT_NAME = "$(TARGET_NAME)";
				SWIFT_EMIT_LOC_STRINGS = NO;
				SWIFT_VERSION = 5.0;
				TARGETED_DEVICE_FAMILY = "1,2";
				TEST_TARGET_NAME = TMDBApp;
			};
			name = Debug;
		};
		EE118DD22C6D9DE2007428DA /* Release */ = {
			isa = XCBuildConfiguration;
			buildSettings = {
				ALWAYS_EMBED_SWIFT_STANDARD_LIBRARIES = YES;
				CODE_SIGN_STYLE = Automatic;
				CURRENT_PROJECT_VERSION = 1;
				DEVELOPMENT_TEAM = 4Q3FSFZU5U;
				GENERATE_INFOPLIST_FILE = YES;
				MARKETING_VERSION = 1.0;
				PRODUCT_BUNDLE_IDENTIFIER = com.luisrodriguez.TMDBAppUITests;
				PRODUCT_NAME = "$(TARGET_NAME)";
				SWIFT_EMIT_LOC_STRINGS = NO;
				SWIFT_VERSION = 5.0;
				TARGETED_DEVICE_FAMILY = "1,2";
				TEST_TARGET_NAME = TMDBApp;
			};
			name = Release;
		};
/* End XCBuildConfiguration section */

/* Begin XCConfigurationList section */
		EE118D982C6D9DE0007428DA /* Build configuration list for PBXProject "TMDBApp" */ = {
			isa = XCConfigurationList;
			buildConfigurations = (
				EE118DC82C6D9DE2007428DA /* Debug */,
				EE118DC92C6D9DE2007428DA /* Release */,
			);
			defaultConfigurationIsVisible = 0;
			defaultConfigurationName = Release;
		};
		EE118DCA2C6D9DE2007428DA /* Build configuration list for PBXNativeTarget "TMDBApp" */ = {
			isa = XCConfigurationList;
			buildConfigurations = (
				EE118DCB2C6D9DE2007428DA /* Debug */,
				EE118DCC2C6D9DE2007428DA /* Release */,
			);
			defaultConfigurationIsVisible = 0;
			defaultConfigurationName = Release;
		};
		EE118DCD2C6D9DE2007428DA /* Build configuration list for PBXNativeTarget "TMDBAppTests" */ = {
			isa = XCConfigurationList;
			buildConfigurations = (
				EE118DCE2C6D9DE2007428DA /* Debug */,
				EE118DCF2C6D9DE2007428DA /* Release */,
			);
			defaultConfigurationIsVisible = 0;
			defaultConfigurationName = Release;
		};
		EE118DD02C6D9DE2007428DA /* Build configuration list for PBXNativeTarget "TMDBAppUITests" */ = {
			isa = XCConfigurationList;
			buildConfigurations = (
				EE118DD12C6D9DE2007428DA /* Debug */,
				EE118DD22C6D9DE2007428DA /* Release */,
			);
			defaultConfigurationIsVisible = 0;
			defaultConfigurationName = Release;
		};
/* End XCConfigurationList section */

/* Begin XCVersionGroup section */
		EE118DA92C6D9DE0007428DA /* TMDBApp.xcdatamodeld */ = {
			isa = XCVersionGroup;
			children = (
				EE118DAA2C6D9DE0007428DA /* TMDBApp.xcdatamodel */,
			);
			currentVersion = EE118DAA2C6D9DE0007428DA /* TMDBApp.xcdatamodel */;
			path = TMDBApp.xcdatamodeld;
			sourceTree = "<group>";
			versionGroupType = wrapper.xcdatamodel;
		};
/* End XCVersionGroup section */
	};
	rootObject = EE118D952C6D9DE0007428DA /* Project object */;
}
